<?xml version="1.0" encoding="utf-8"?>
<Project ToolsVersion="4.0" xmlns="http://schemas.microsoft.com/developer/msbuild/2003">
  <ItemGroup>
    <Filter Include="Source Files">
      <UniqueIdentifier>{4FC737F1-C7A5-4376-A066-2A32D752A2FF}</UniqueIdentifier>
      <Extensions>cpp;c;cc;cxx;def;odl;idl;hpj;bat;asm;asmx</Extensions>
    </Filter>
    <Filter Include="Header Files">
      <UniqueIdentifier>{93995380-89BD-4b04-88EB-625FBE52EBFB}</UniqueIdentifier>
      <Extensions>h;hh;hpp;hxx;hm;inl;inc;xsd</Extensions>
    </Filter>
    <Filter Include="Resource Files">
      <UniqueIdentifier>{67DA6AB6-F800-4c08-8B7A-83BB121AAD01}</UniqueIdentifier>
      <Extensions>rc;ico;cur;bmp;dlg;rc2;rct;bin;rgs;gif;jpg;jpeg;jpe;resx;tiff;tif;png;wav;mfcribbon-ms</Extensions>
    </Filter>
    <Filter Include="Header Files\MemoryManagement">
      <UniqueIdentifier>{744ac410-73e1-4299-a1e7-af54a0e9c4e2}</UniqueIdentifier>
    </Filter>
    <Filter Include="Header Files\Util">
      <UniqueIdentifier>{4b46aeae-6e37-4485-87fd-d0022a2ee639}</UniqueIdentifier>
    </Filter>
    <Filter Include="Header Files\General">
      <UniqueIdentifier>{741007af-4505-448c-8da1-7457bb2fa404}</UniqueIdentifier>
    </Filter>
    <Filter Include="Header Files\DataStructures">
      <UniqueIdentifier>{02c310ad-5f99-43af-ad7d-8c702b42b130}</UniqueIdentifier>
    </Filter>
    <Filter Include="Header Files\Time">
      <UniqueIdentifier>{aa93ac2a-a2b5-4a25-af39-5d8a0fee10b1}</UniqueIdentifier>
    </Filter>
    <Filter Include="Header Files\GFX">
      <UniqueIdentifier>{a54c231c-d8a9-4ee8-9c39-7956fe2081c7}</UniqueIdentifier>
    </Filter>
    <Filter Include="Header Files\GFX\Core">
      <UniqueIdentifier>{f69f7f23-6edb-4c8c-aff6-9f3967fcd0e4}</UniqueIdentifier>
    </Filter>
    <Filter Include="Header Files\GFX\Vulkan">
      <UniqueIdentifier>{11552c6a-5c2a-45f1-878f-a1c7e93bf90d}</UniqueIdentifier>
    </Filter>
    <Filter Include="Header Files\FileSystem">
      <UniqueIdentifier>{2c72cecb-9319-4796-b489-0eccc6e7759a}</UniqueIdentifier>
    </Filter>
    <Filter Include="Header Files\Random">
      <UniqueIdentifier>{7b10c1a5-9ba4-414a-ae82-5916529d5c3c}</UniqueIdentifier>
    </Filter>
    <Filter Include="Header Files\GFX\Vulkan\Wrappers">
      <UniqueIdentifier>{85558c4c-b6d8-454a-a721-f47d5e396719}</UniqueIdentifier>
    </Filter>
    <Filter Include="Header Files\Exceptions">
      <UniqueIdentifier>{a4333073-6bd9-4262-8a83-8ae819a5d629}</UniqueIdentifier>
    </Filter>
    <Filter Include="Header Files\GFX\Vulkan\Shaders">
      <UniqueIdentifier>{ba14e93f-14b0-4fba-b8ca-e8872d1731f5}</UniqueIdentifier>
    </Filter>
    <Filter Include="Source Files\GFX">
      <UniqueIdentifier>{345f7c6e-b767-4c77-82a3-58298cbd16f4}</UniqueIdentifier>
    </Filter>
    <Filter Include="Source Files\GFX\Vulkan">
      <UniqueIdentifier>{12db08aa-f9ce-4e88-ab87-c6a31bc57d80}</UniqueIdentifier>
    </Filter>
    <Filter Include="Source Files\GFX\Vulkan\Wrappers">
      <UniqueIdentifier>{c699864a-c8c6-48f7-b92a-1369ba5311a1}</UniqueIdentifier>
    </Filter>
    <Filter Include="Source Files\Util">
      <UniqueIdentifier>{69b097c9-b755-4c09-9350-0897b845c5fa}</UniqueIdentifier>
    </Filter>
    <Filter Include="Source Files\FileSystem">
      <UniqueIdentifier>{8dab6c7b-8290-41b8-9038-7214e3c9631e}</UniqueIdentifier>
    </Filter>
    <Filter Include="Header Files\Input">
      <UniqueIdentifier>{36b726ff-a5df-4aca-8163-c9af58ed09f6}</UniqueIdentifier>
    </Filter>
    <Filter Include="Header Files\Shapes">
      <UniqueIdentifier>{bc0b860e-cf1f-4e0d-8b79-95cc4589cf06}</UniqueIdentifier>
    </Filter>
    <Filter Include="Header Files\Math">
      <UniqueIdentifier>{92e17ecf-93eb-4bd1-aa15-30d0a4294e58}</UniqueIdentifier>
    </Filter>
    <Filter Include="Source Files\GFX\Core">
      <UniqueIdentifier>{8dfbd26e-0a23-4217-b582-99a9cb2be7cd}</UniqueIdentifier>
    </Filter>
  </ItemGroup>
  <ItemGroup>
    <Text Include="ReadMe.txt" />
  </ItemGroup>
  <ItemGroup>
    <ClInclude Include="stdafx.h">
      <Filter>Header Files</Filter>
    </ClInclude>
    <ClInclude Include="BBE\Array.h">
      <Filter>Header Files\DataStructures</Filter>
    </ClInclude>
    <ClInclude Include="BBE\BrotBoxEngine.h">
      <Filter>Header Files\General</Filter>
    </ClInclude>
    <ClInclude Include="BBE\Color.h">
      <Filter>Header Files\GFX\Core</Filter>
    </ClInclude>
    <ClInclude Include="BBE\CPUWatch.h">
      <Filter>Header Files\Time</Filter>
    </ClInclude>
    <ClInclude Include="BBE\DataType.h">
      <Filter>Header Files\Util</Filter>
    </ClInclude>
    <ClInclude Include="BBE\DefaultDestroyer.h">
      <Filter>Header Files\MemoryManagement</Filter>
    </ClInclude>
    <ClInclude Include="BBE\DefragmentationAllocator.h">
      <Filter>Header Files\MemoryManagement</Filter>
    </ClInclude>
    <ClInclude Include="BBE\DynamicArray.h">
      <Filter>Header Files\DataStructures</Filter>
    </ClInclude>
    <ClInclude Include="BBE\EmptyClass.h">
      <Filter>Header Files\Util</Filter>
    </ClInclude>
    <ClInclude Include="BBE\ExceptionHelper.h">
      <Filter>Header Files\Exceptions</Filter>
    </ClInclude>
    <ClInclude Include="BBE\Exceptions.h">
      <Filter>Header Files\Exceptions</Filter>
    </ClInclude>
    <ClInclude Include="BBE\Game.h">
      <Filter>Header Files\GFX\Core</Filter>
    </ClInclude>
    <ClInclude Include="BBE\GameTime.h">
      <Filter>Header Files\Time</Filter>
    </ClInclude>
    <ClInclude Include="BBE\GeneralPurposeAllocator.h">
      <Filter>Header Files\MemoryManagement</Filter>
    </ClInclude>
    <ClInclude Include="BBE\Hash.h">
      <Filter>Header Files\DataStructures</Filter>
    </ClInclude>
    <ClInclude Include="BBE\HashMap.h">
      <Filter>Header Files\DataStructures</Filter>
    </ClInclude>
    <ClInclude Include="BBE\Keyboard.h">
      <Filter>Header Files\Input</Filter>
    </ClInclude>
    <ClInclude Include="BBE\KeyboardKeys.h">
      <Filter>Header Files\Input</Filter>
    </ClInclude>
    <ClInclude Include="BBE\LinearCongruentialGenerator.h">
      <Filter>Header Files\Random</Filter>
    </ClInclude>
    <ClInclude Include="BBE\List.h">
      <Filter>Header Files\DataStructures</Filter>
    </ClInclude>
    <ClInclude Include="BBE\MersenneTwister.h">
      <Filter>Header Files\Random</Filter>
    </ClInclude>
    <ClInclude Include="BBE\PoolAllocator.h">
      <Filter>Header Files\MemoryManagement</Filter>
    </ClInclude>
    <ClInclude Include="BBE\PrimitiveBrush2D.h">
      <Filter>Header Files\GFX\Core</Filter>
    </ClInclude>
    <ClInclude Include="BBE\Random.h">
      <Filter>Header Files\Random</Filter>
    </ClInclude>
    <ClInclude Include="BBE\Rectangle.h">
      <Filter>Header Files\Shapes</Filter>
    </ClInclude>
    <ClInclude Include="BBE\SimpleFile.h">
      <Filter>Header Files\FileSystem</Filter>
    </ClInclude>
    <ClInclude Include="BBE\Stack.h">
      <Filter>Header Files\DataStructures</Filter>
    </ClInclude>
    <ClInclude Include="BBE\StackAllocator.h">
      <Filter>Header Files\MemoryManagement</Filter>
    </ClInclude>
    <ClInclude Include="BBE\STLAllocator.h">
      <Filter>Header Files\MemoryManagement</Filter>
    </ClInclude>
    <ClInclude Include="BBE\STLCapsule.h">
      <Filter>Header Files\Util</Filter>
    </ClInclude>
    <ClInclude Include="BBE\StopWatch.h">
      <Filter>Header Files\Time</Filter>
    </ClInclude>
    <ClInclude Include="BBE\String.h">
      <Filter>Header Files\General</Filter>
    </ClInclude>
    <ClInclude Include="BBE\Unconstructed.h">
      <Filter>Header Files\Util</Filter>
    </ClInclude>
    <ClInclude Include="BBE\UniquePointer.h">
      <Filter>Header Files\MemoryManagement</Filter>
    </ClInclude>
    <ClInclude Include="BBE\UtilDebug.h">
      <Filter>Header Files\Util</Filter>
    </ClInclude>
    <ClInclude Include="BBE\Vector2.h">
      <Filter>Header Files\Math</Filter>
    </ClInclude>
    <ClInclude Include="BBE\VulkanBuffer.h">
      <Filter>Header Files\GFX\Vulkan</Filter>
    </ClInclude>
    <ClInclude Include="BBE\VulkanCommandPool.h">
      <Filter>Header Files\GFX\Vulkan</Filter>
    </ClInclude>
    <ClInclude Include="BBE\VulkanDevice.h">
      <Filter>Header Files\GFX\Vulkan</Filter>
    </ClInclude>
    <ClInclude Include="BBE\VulkanFence.h">
      <Filter>Header Files\GFX\Vulkan</Filter>
    </ClInclude>
    <ClInclude Include="BBE\VulkanHelper.h">
      <Filter>Header Files\GFX\Vulkan</Filter>
    </ClInclude>
    <ClInclude Include="BBE\VulkanInstance.h">
      <Filter>Header Files\GFX\Vulkan</Filter>
    </ClInclude>
    <ClInclude Include="BBE\VulkanManager.h">
      <Filter>Header Files\GFX\Vulkan</Filter>
    </ClInclude>
    <ClInclude Include="BBE\VulkanPhysicalDevices.h">
      <Filter>Header Files\GFX\Vulkan</Filter>
    </ClInclude>
    <ClInclude Include="BBE\VulkanPipeline.h">
      <Filter>Header Files\GFX\Vulkan</Filter>
    </ClInclude>
    <ClInclude Include="BBE\VulkanRenderPass.h">
      <Filter>Header Files\GFX\Vulkan</Filter>
    </ClInclude>
    <ClInclude Include="BBE\VulkanSemaphore.h">
      <Filter>Header Files\GFX\Vulkan</Filter>
    </ClInclude>
    <ClInclude Include="BBE\VulkanShader.h">
      <Filter>Header Files\GFX\Vulkan</Filter>
    </ClInclude>
    <ClInclude Include="BBE\VulkanSurface.h">
      <Filter>Header Files\GFX\Vulkan</Filter>
    </ClInclude>
    <ClInclude Include="BBE\VulkanSwapchain.h">
      <Filter>Header Files\GFX\Vulkan</Filter>
    </ClInclude>
    <ClInclude Include="BBE\VWDepthImage.h">
      <Filter>Header Files\GFX\Vulkan\Wrappers</Filter>
    </ClInclude>
    <ClInclude Include="BBE\Window.h">
      <Filter>Header Files\GFX\Core</Filter>
    </ClInclude>
    <ClInclude Include="targetver.h">
      <Filter>Header Files</Filter>
    </ClInclude>
    <ClInclude Include="BBE\UtilTest.h">
      <Filter>Header Files\Util</Filter>
    </ClInclude>
    <ClInclude Include="BBE\NewDeleteAllocator.h">
      <Filter>Header Files\MemoryManagement</Filter>
    </ClInclude>
    <ClInclude Include="BBE\Circle.h">
      <Filter>Header Files\Shapes</Filter>
    </ClInclude>
    <ClInclude Include="BBE\Math.h">
      <Filter>Header Files\Math</Filter>
    </ClInclude>
    <ClInclude Include="BBE\VulkanDescriptorPool.h">
      <Filter>Header Files\GFX\Vulkan</Filter>
    </ClInclude>
    <ClInclude Include="BBE\Vector3.h">
      <Filter>Header Files\Math</Filter>
    </ClInclude>
    <ClInclude Include="BBE\PrimitiveBrush3D.h">
      <Filter>Header Files\GFX\Core</Filter>
    </ClInclude>
    <ClInclude Include="BBE\Matrix4.h">
      <Filter>Header Files\Math</Filter>
    </ClInclude>
    <ClInclude Include="BBE\Vector4.h">
      <Filter>Header Files\Math</Filter>
    </ClInclude>
    <ClInclude Include="BBE\Cube.h">
      <Filter>Header Files\Shapes</Filter>
    </ClInclude>
    <ClInclude Include="BBE\Mouse.h">
      <Filter>Header Files\Input</Filter>
    </ClInclude>
    <ClInclude Include="BBE\CursorMode.h">
      <Filter>Header Files\GFX\Core</Filter>
    </ClInclude>
    <ClInclude Include="BBE\CameraControlNoClip.h">
      <Filter>Header Files\Input</Filter>
    </ClInclude>
    <ClInclude Include="BBE\EngineSettings.h">
      <Filter>Header Files\General</Filter>
    </ClInclude>
    <ClInclude Include="BBE\VertexWithNormal.h">
      <Filter>Header Files\GFX\Core</Filter>
    </ClInclude>
    <ClInclude Include="BBE\Terrain.h">
      <Filter>Header Files\Shapes</Filter>
    </ClInclude>
    <ClInclude Include="BBE\ValueNoise2D.h">
      <Filter>Header Files\Math</Filter>
    </ClInclude>
    <ClInclude Include="BBE\PointLight.h">
      <Filter>Header Files\GFX\Core</Filter>
    </ClInclude>
    <ClInclude Include="BBE\LightFalloffMode.h">
      <Filter>Header Files\GFX\Core</Filter>
    </ClInclude>
    <ClInclude Include="BBE\IcoSphere.h">
      <Filter>Header Files\Shapes</Filter>
    </ClInclude>
    <ClInclude Include="BBE\MouseButtons.h">
      <Filter>Header Files\Input</Filter>
    </ClInclude>
    <ClInclude Include="BBE\Image.h">
      <Filter>Header Files\GFX\Core</Filter>
    </ClInclude>
    <ClInclude Include="BBE\ColorByte.h">
      <Filter>Header Files\GFX\Core</Filter>
    </ClInclude>
    <ClInclude Include="BBE\VulkanDescriptorSetLayout.h">
      <Filter>Header Files\GFX\Vulkan</Filter>
    </ClInclude>
    <ClInclude Include="BBE\VulkanDescriptorSet.h">
      <Filter>Header Files\GFX\Vulkan</Filter>
    </ClInclude>
    <ClInclude Include="BBE\FillMode.h">
      <Filter>Header Files\GFX\Vulkan</Filter>
    </ClInclude>
  </ItemGroup>
  <ItemGroup>
    <ClCompile Include="stdafx.cpp">
      <Filter>Source Files</Filter>
    </ClCompile>
    <ClCompile Include="Window.cpp">
      <Filter>Source Files\GFX\Core</Filter>
    </ClCompile>
    <ClCompile Include="VWDepthImage.cpp">
      <Filter>Source Files\GFX\Vulkan\Wrappers</Filter>
    </ClCompile>
    <ClCompile Include="VulkanPipeline.cpp">
      <Filter>Source Files\GFX\Vulkan</Filter>
    </ClCompile>
    <ClCompile Include="VulkanCommandPool.cpp">
      <Filter>Source Files\GFX\Vulkan</Filter>
    </ClCompile>
    <ClCompile Include="VulkanDevice.cpp">
      <Filter>Source Files\GFX\Vulkan</Filter>
    </ClCompile>
    <ClCompile Include="VulkanHelper.cpp">
      <Filter>Source Files\GFX\Vulkan</Filter>
    </ClCompile>
    <ClCompile Include="VulkanInstance.cpp">
      <Filter>Source Files\GFX\Vulkan</Filter>
    </ClCompile>
    <ClCompile Include="VulkanPhysicalDevices.cpp">
      <Filter>Source Files\GFX\Vulkan</Filter>
    </ClCompile>
    <ClCompile Include="SimpleFile.cpp">
      <Filter>Source Files\FileSystem</Filter>
    </ClCompile>
    <ClCompile Include="UtilDebug.cpp">
      <Filter>Source Files\Util</Filter>
    </ClCompile>
    <ClCompile Include="VulkanRenderPass.cpp">
      <Filter>Source Files\GFX\Vulkan</Filter>
    </ClCompile>
    <ClCompile Include="VulkanShader.cpp">
      <Filter>Source Files\GFX\Vulkan</Filter>
    </ClCompile>
    <ClCompile Include="VulkanSurface.cpp">
      <Filter>Source Files\GFX\Vulkan</Filter>
    </ClCompile>
    <ClCompile Include="VulkanSwapchain.cpp">
      <Filter>Source Files\GFX\Vulkan</Filter>
    </ClCompile>
    <ClCompile Include="VulkanManager.cpp">
      <Filter>Source Files\GFX\Vulkan</Filter>
    </ClCompile>
    <ClCompile Include="VulkanBuffer.cpp">
      <Filter>Source Files\GFX\Vulkan</Filter>
    </ClCompile>
    <ClCompile Include="VulkanSemaphore.cpp">
      <Filter>Source Files\GFX\Vulkan</Filter>
    </ClCompile>
    <ClCompile Include="GameTime.cpp">
      <Filter>Source Files\GFX\Vulkan</Filter>
    </ClCompile>
    <ClCompile Include="Game.cpp">
      <Filter>Source Files\GFX\Vulkan</Filter>
    </ClCompile>
    <ClCompile Include="VulkanFence.cpp">
      <Filter>Source Files</Filter>
    </ClCompile>
    <ClCompile Include="KeyboardKeys.cpp">
      <Filter>Source Files</Filter>
    </ClCompile>
    <ClCompile Include="Keyboard.cpp">
      <Filter>Source Files</Filter>
    </ClCompile>
    <ClCompile Include="PrimitiveBrush2D.cpp">
      <Filter>Source Files</Filter>
    </ClCompile>
    <ClCompile Include="Rectangle.cpp">
      <Filter>Source Files</Filter>
    </ClCompile>
    <ClCompile Include="Vector2.cpp">
      <Filter>Source Files</Filter>
    </ClCompile>
    <ClCompile Include="Color.cpp">
      <Filter>Source Files</Filter>
    </ClCompile>
    <ClCompile Include="String.cpp">
      <Filter>Source Files</Filter>
    </ClCompile>
    <ClCompile Include="Circle.cpp">
      <Filter>Source Files</Filter>
    </ClCompile>
    <ClCompile Include="Math.cpp">
      <Filter>Source Files</Filter>
    </ClCompile>
    <ClCompile Include="VulkanDescriptorPool.cpp">
      <Filter>Source Files</Filter>
    </ClCompile>
    <ClCompile Include="Vector3.cpp">
      <Filter>Source Files</Filter>
    </ClCompile>
    <ClCompile Include="Matrix4.cpp">
      <Filter>Source Files</Filter>
    </ClCompile>
    <ClCompile Include="PrimitiveBrush3D.cpp">
      <Filter>Source Files</Filter>
    </ClCompile>
    <ClCompile Include="Vector4.cpp">
      <Filter>Source Files</Filter>
    </ClCompile>
    <ClCompile Include="Cube.cpp">
      <Filter>Source Files</Filter>
    </ClCompile>
    <ClCompile Include="Mouse.cpp">
      <Filter>Source Files</Filter>
    </ClCompile>
    <ClCompile Include="CameraControlNoClip.cpp">
      <Filter>Source Files</Filter>
    </ClCompile>
    <ClCompile Include="EngineSettings.cpp">
      <Filter>Source Files</Filter>
    </ClCompile>
    <ClCompile Include="VertexWithNormal.cpp">
      <Filter>Source Files</Filter>
    </ClCompile>
    <ClCompile Include="Terrain.cpp">
      <Filter>Source Files</Filter>
    </ClCompile>
    <ClCompile Include="ValueNoise2D.cpp">
      <Filter>Source Files</Filter>
    </ClCompile>
    <ClCompile Include="PointLight.cpp">
      <Filter>Source Files</Filter>
    </ClCompile>
    <ClCompile Include="IcoSphere.cpp">
      <Filter>Source Files</Filter>
    </ClCompile>
    <ClCompile Include="MouseButtons.cpp">
      <Filter>Source Files</Filter>
    </ClCompile>
    <ClCompile Include="Image.cpp">
      <Filter>Source Files</Filter>
    </ClCompile>
    <ClCompile Include="ColorByte.cpp">
      <Filter>Source Files</Filter>
    </ClCompile>
    <ClCompile Include="VulkanDescriptorSetLayout.cpp">
      <Filter>Source Files</Filter>
    </ClCompile>
    <ClCompile Include="VulkanDescriptorSet.cpp">
      <Filter>Source Files</Filter>
    </ClCompile>
  </ItemGroup>
  <ItemGroup>
    <None Include="Shader2DPrimitive.frag">
      <Filter>Header Files\GFX\Vulkan\Shaders</Filter>
    </None>
    <None Include="Shader2DPrimitive.vert">
      <Filter>Header Files\GFX\Vulkan\Shaders</Filter>
    </None>
    <None Include="Shader3DPrimitive.frag">
      <Filter>Header Files\GFX\Vulkan\Shaders</Filter>
    </None>
    <None Include="Shader3DPrimitive.vert">
      <Filter>Header Files\GFX\Vulkan\Shaders</Filter>
    </None>
    <None Include="Shader2DImage.frag">
      <Filter>Header Files\GFX\Vulkan\Shaders</Filter>
    </None>
    <None Include="Shader2DImage.vert">
      <Filter>Header Files\GFX\Vulkan\Shaders</Filter>
    </None>
    <None Include="Shader3DTerrain.vert">
      <Filter>Header Files\GFX\Vulkan\Shaders</Filter>
    </None>
    <None Include="Shader3DTerrain.frag">
      <Filter>Header Files\GFX\Vulkan\Shaders</Filter>
    </None>
    <None Include="Shader3DTerrain.tesc">
      <Filter>Header Files\GFX\Vulkan\Shaders</Filter>
    </None>
    <None Include="Shader3DTerrain.tese">
      <Filter>Header Files\GFX\Vulkan\Shaders</Filter>
    </None>
    <None Include="packages.config" />
  </ItemGroup>
</Project>