<?xml version="1.0" encoding="utf-8"?>
<Project ToolsVersion="4.0" xmlns="http://schemas.microsoft.com/developer/msbuild/2003">
  <ItemGroup>
    <Filter Include="Source Files">
      <UniqueIdentifier>{4FC737F1-C7A5-4376-A066-2A32D752A2FF}</UniqueIdentifier>
      <Extensions>cpp;c;cc;cxx;def;odl;idl;hpj;bat;asm;asmx</Extensions>
    </Filter>
    <Filter Include="Header Files">
      <UniqueIdentifier>{93995380-89BD-4b04-88EB-625FBE52EBFB}</UniqueIdentifier>
      <Extensions>h;hh;hpp;hxx;hm;inl;inc;xsd</Extensions>
    </Filter>
    <Filter Include="Resource Files">
      <UniqueIdentifier>{67DA6AB6-F800-4c08-8B7A-83BB121AAD01}</UniqueIdentifier>
      <Extensions>rc;ico;cur;bmp;dlg;rc2;rct;bin;rgs;gif;jpg;jpeg;jpe;resx;tiff;tif;png;wav;mfcribbon-ms</Extensions>
    </Filter>
    <Filter Include="Header Files\MemoryManagement">
      <UniqueIdentifier>{744ac410-73e1-4299-a1e7-af54a0e9c4e2}</UniqueIdentifier>
    </Filter>
    <Filter Include="Tests">
      <UniqueIdentifier>{a9588f8d-7f8b-4585-9bec-0fe3bae76cf1}</UniqueIdentifier>
    </Filter>
    <Filter Include="Tests\MemoryManagement">
      <UniqueIdentifier>{a54dc58f-bdd3-4755-b146-f4c59d218a8d}</UniqueIdentifier>
    </Filter>
    <Filter Include="Header Files\Util">
      <UniqueIdentifier>{4b46aeae-6e37-4485-87fd-d0022a2ee639}</UniqueIdentifier>
    </Filter>
  </ItemGroup>
  <ItemGroup>
    <Text Include="ReadMe.txt" />
  </ItemGroup>
  <ItemGroup>
    <ClInclude Include="stdafx.h">
      <Filter>Header Files</Filter>
    </ClInclude>
    <ClInclude Include="targetver.h">
      <Filter>Header Files</Filter>
    </ClInclude>
    <ClInclude Include="PoolAllocator.h">
      <Filter>Header Files\MemoryManagement</Filter>
    </ClInclude>
    <ClInclude Include="PoolAllocatorTest.h">
      <Filter>Tests\MemoryManagement</Filter>
    </ClInclude>
    <ClInclude Include="UtilDebug.h">
      <Filter>Header Files\Util</Filter>
    </ClInclude>
    <ClInclude Include="UtilTest.h">
      <Filter>Tests</Filter>
    </ClInclude>
    <ClInclude Include="StackAllocator.h">
      <Filter>Header Files\MemoryManagement</Filter>
    </ClInclude>
    <ClInclude Include="StackAllocatorTest.h">
      <Filter>Tests\MemoryManagement</Filter>
    </ClInclude>
    <ClInclude Include="UtilMath.h">
      <Filter>Header Files\Util</Filter>
    </ClInclude>
    <ClInclude Include="OtherTest.h">
      <Filter>Tests</Filter>
    </ClInclude>
    <ClInclude Include="DataType.h">
      <Filter>Header Files\Util</Filter>
    </ClInclude>
  </ItemGroup>
  <ItemGroup>
    <ClCompile Include="stdafx.cpp">
      <Filter>Source Files</Filter>
    </ClCompile>
    <ClCompile Include="BrotBoxEngine.cpp">
      <Filter>Source Files</Filter>
    </ClCompile>
  </ItemGroup>
</Project>