<?xml version="1.0" encoding="utf-8"?>
<Project ToolsVersion="4.0" xmlns="http://schemas.microsoft.com/developer/msbuild/2003">
  <ItemGroup>
    <Filter Include="Source Files">
      <UniqueIdentifier>{4FC737F1-C7A5-4376-A066-2A32D752A2FF}</UniqueIdentifier>
      <Extensions>cpp;c;cc;cxx;def;odl;idl;hpj;bat;asm;asmx</Extensions>
    </Filter>
    <Filter Include="Header Files">
      <UniqueIdentifier>{93995380-89BD-4b04-88EB-625FBE52EBFB}</UniqueIdentifier>
      <Extensions>h;hh;hpp;hxx;hm;inl;inc;xsd</Extensions>
    </Filter>
    <Filter Include="Resource Files">
      <UniqueIdentifier>{67DA6AB6-F800-4c08-8B7A-83BB121AAD01}</UniqueIdentifier>
      <Extensions>rc;ico;cur;bmp;dlg;rc2;rct;bin;rgs;gif;jpg;jpeg;jpe;resx;tiff;tif;png;wav;mfcribbon-ms</Extensions>
    </Filter>
    <Filter Include="Header Files\MemoryManagement">
      <UniqueIdentifier>{744ac410-73e1-4299-a1e7-af54a0e9c4e2}</UniqueIdentifier>
    </Filter>
    <Filter Include="Tests">
      <UniqueIdentifier>{a9588f8d-7f8b-4585-9bec-0fe3bae76cf1}</UniqueIdentifier>
    </Filter>
    <Filter Include="Header Files\Util">
      <UniqueIdentifier>{4b46aeae-6e37-4485-87fd-d0022a2ee639}</UniqueIdentifier>
    </Filter>
    <Filter Include="Header Files\General">
      <UniqueIdentifier>{741007af-4505-448c-8da1-7457bb2fa404}</UniqueIdentifier>
    </Filter>
    <Filter Include="Header Files\DataStructures">
      <UniqueIdentifier>{02c310ad-5f99-43af-ad7d-8c702b42b130}</UniqueIdentifier>
    </Filter>
    <Filter Include="Header Files\Time">
      <UniqueIdentifier>{aa93ac2a-a2b5-4a25-af39-5d8a0fee10b1}</UniqueIdentifier>
    </Filter>
    <Filter Include="Tests\Functionality">
      <UniqueIdentifier>{fd001219-33af-4fdc-b1eb-f24bde47736b}</UniqueIdentifier>
    </Filter>
    <Filter Include="Tests\Functionality\MemoryManagement">
      <UniqueIdentifier>{a54dc58f-bdd3-4755-b146-f4c59d218a8d}</UniqueIdentifier>
    </Filter>
    <Filter Include="Tests\Functionality\General">
      <UniqueIdentifier>{9648820f-2eb7-4090-8f7a-7aba39d08265}</UniqueIdentifier>
    </Filter>
    <Filter Include="Tests\Functionality\DataStructures">
      <UniqueIdentifier>{833b2de2-7c6b-4a6e-bdf8-9a56c965acc0}</UniqueIdentifier>
    </Filter>
    <Filter Include="Tests\Performance">
      <UniqueIdentifier>{19af6599-1ff7-4ce7-a40c-4bafbe9eb2c4}</UniqueIdentifier>
    </Filter>
    <Filter Include="Tests\Performance\Time">
      <UniqueIdentifier>{7d7a2a74-8ed1-4ca0-82a3-498d98fde1f1}</UniqueIdentifier>
    </Filter>
    <Filter Include="Tests\Performance\Memory">
      <UniqueIdentifier>{8837e97a-b8f7-4343-b807-25849c140b9f}</UniqueIdentifier>
    </Filter>
    <Filter Include="Tests\Performance\Time\MemoryManagement">
      <UniqueIdentifier>{80cdc108-1632-4bfe-a778-9d0adca8e0a4}</UniqueIdentifier>
    </Filter>
    <Filter Include="Tests\Performance\Time\General">
      <UniqueIdentifier>{6ba0fe63-acf5-423f-8ae3-47501401fbfe}</UniqueIdentifier>
    </Filter>
    <Filter Include="Header Files\GFX">
      <UniqueIdentifier>{a54c231c-d8a9-4ee8-9c39-7956fe2081c7}</UniqueIdentifier>
    </Filter>
    <Filter Include="Header Files\GFX\Core">
      <UniqueIdentifier>{f69f7f23-6edb-4c8c-aff6-9f3967fcd0e4}</UniqueIdentifier>
    </Filter>
    <Filter Include="Header Files\GFX\Vulkan">
      <UniqueIdentifier>{11552c6a-5c2a-45f1-878f-a1c7e93bf90d}</UniqueIdentifier>
    </Filter>
    <Filter Include="Header Files\FileSystem">
      <UniqueIdentifier>{2c72cecb-9319-4796-b489-0eccc6e7759a}</UniqueIdentifier>
    </Filter>
  </ItemGroup>
  <ItemGroup>
    <Text Include="ReadMe.txt" />
  </ItemGroup>
  <ItemGroup>
    <ClInclude Include="stdafx.h">
      <Filter>Header Files</Filter>
    </ClInclude>
    <ClInclude Include="targetver.h">
      <Filter>Header Files</Filter>
    </ClInclude>
    <ClInclude Include="PoolAllocator.h">
      <Filter>Header Files\MemoryManagement</Filter>
    </ClInclude>
    <ClInclude Include="PoolAllocatorTest.h">
      <Filter>Tests\Functionality\MemoryManagement</Filter>
    </ClInclude>
    <ClInclude Include="UtilDebug.h">
      <Filter>Header Files\Util</Filter>
    </ClInclude>
    <ClInclude Include="UtilTest.h">
      <Filter>Tests</Filter>
    </ClInclude>
    <ClInclude Include="StackAllocator.h">
      <Filter>Header Files\MemoryManagement</Filter>
    </ClInclude>
    <ClInclude Include="StackAllocatorTest.h">
      <Filter>Tests\Functionality\MemoryManagement</Filter>
    </ClInclude>
    <ClInclude Include="UtilMath.h">
      <Filter>Header Files\Util</Filter>
    </ClInclude>
    <ClInclude Include="OtherTest.h">
      <Filter>Tests</Filter>
    </ClInclude>
    <ClInclude Include="DataType.h">
      <Filter>Header Files\Util</Filter>
    </ClInclude>
    <ClInclude Include="String.h">
      <Filter>Header Files\General</Filter>
    </ClInclude>
    <ClInclude Include="StringTest.h">
      <Filter>Tests\Functionality\General</Filter>
    </ClInclude>
    <ClInclude Include="Array.h">
      <Filter>Header Files\DataStructures</Filter>
    </ClInclude>
    <ClInclude Include="DynamicArray.h">
      <Filter>Header Files\DataStructures</Filter>
    </ClInclude>
    <ClInclude Include="List.h">
      <Filter>Header Files\DataStructures</Filter>
    </ClInclude>
    <ClInclude Include="ListTest.h">
      <Filter>Tests\Functionality\DataStructures</Filter>
    </ClInclude>
    <ClInclude Include="STLCapsule.h">
      <Filter>Header Files\Util</Filter>
    </ClInclude>
    <ClInclude Include="STLAllocator.h">
      <Filter>Header Files\MemoryManagement</Filter>
    </ClInclude>
    <ClInclude Include="StopWatch.h">
      <Filter>Header Files\Time</Filter>
    </ClInclude>
    <ClInclude Include="AllTests.h">
      <Filter>Tests\Functionality</Filter>
    </ClInclude>
    <ClInclude Include="PoolAllocatorPerformanceTime.h">
      <Filter>Tests\Performance\Time\MemoryManagement</Filter>
    </ClInclude>
    <ClInclude Include="CPUWatch.h">
      <Filter>Header Files\Time</Filter>
    </ClInclude>
    <ClInclude Include="StringPerformanceTime.h">
      <Filter>Tests\Performance\Time\General</Filter>
    </ClInclude>
    <ClInclude Include="GeneralPurposeAllocator.h">
      <Filter>Header Files\MemoryManagement</Filter>
    </ClInclude>
    <ClInclude Include="GeneralPurposeAllocatorTest.h">
      <Filter>Tests\Functionality\MemoryManagement</Filter>
    </ClInclude>
    <ClInclude Include="UniquePointer.h">
      <Filter>Header Files\MemoryManagement</Filter>
    </ClInclude>
    <ClInclude Include="UniquePointerTest.h">
      <Filter>Tests\Functionality\MemoryManagement</Filter>
    </ClInclude>
    <ClInclude Include="DefaultDestroyer.h">
      <Filter>Header Files\MemoryManagement</Filter>
    </ClInclude>
    <ClInclude Include="BrotBoxEngine.h">
      <Filter>Header Files\General</Filter>
    </ClInclude>
    <ClInclude Include="Window.h">
      <Filter>Header Files\GFX\Core</Filter>
    </ClInclude>
    <ClInclude Include="VulkanInstance.h">
      <Filter>Header Files\GFX\Vulkan</Filter>
    </ClInclude>
    <ClInclude Include="VulkanHelper.h">
      <Filter>Header Files\GFX\Vulkan</Filter>
    </ClInclude>
    <ClInclude Include="VulkanPhysicalDevices.h">
      <Filter>Header Files\GFX\Vulkan</Filter>
    </ClInclude>
    <ClInclude Include="VulkanManager.h">
      <Filter>Header Files\GFX\Vulkan</Filter>
    </ClInclude>
    <ClInclude Include="VulkanSurface.h">
      <Filter>Header Files\GFX\Vulkan</Filter>
    </ClInclude>
    <ClInclude Include="VulkanDevice.h">
      <Filter>Header Files\GFX\Vulkan</Filter>
    </ClInclude>
    <ClInclude Include="VulkanSwapchain.h">
      <Filter>Header Files\GFX\Vulkan</Filter>
    </ClInclude>
    <ClInclude Include="VulkanRenderPass.h">
      <Filter>Header Files\GFX\Vulkan</Filter>
    </ClInclude>
    <ClInclude Include="SimpleFile.h">
      <Filter>Header Files\FileSystem</Filter>
    </ClInclude>
  </ItemGroup>
  <ItemGroup>
    <ClCompile Include="stdafx.cpp">
      <Filter>Source Files</Filter>
    </ClCompile>
    <ClCompile Include="BrotBoxEngine.cpp">
      <Filter>Source Files</Filter>
    </ClCompile>
  </ItemGroup>
</Project>