
Microsoft Visual Studio Solution File, Format Version 12.00
# Visual Studio 15
VisualStudioVersion = 15.0.26430.16
MinimumVisualStudioVersion = 10.0.40219.1
Project("{8BC9CEB8-8B4A-11D0-8D11-00A0C91BC942}") = "BrotBoxEngine", "BrotBoxEngine\BrotBoxEngine.vcxproj", "{4FBD385B-15BA-43EE-A6BE-0B702B15B972}"
EndProject
Project("{8BC9CEB8-8B4A-11D0-8D11-00A0C91BC942}") = "ExampleSnake", "ExampleSnake\ExampleSnake.vcxproj", "{090160AB-4796-4E52-B829-A52C09CA9DF9}"
EndProject
Global
	GlobalSection(SolutionConfigurationPlatforms) = preSolution
		Debug|x64 = Debug|x64
		Debug|x86 = Debug|x86
		Release|x64 = Release|x64
		Release|x86 = Release|x86
	EndGlobalSection
	GlobalSection(ProjectConfigurationPlatforms) = postSolution
		{4FBD385B-15BA-43EE-A6BE-0B702B15B972}.Debug|x64.ActiveCfg = Debug|x64
		{4FBD385B-15BA-43EE-A6BE-0B702B15B972}.Debug|x64.Build.0 = Debug|x64
		{4FBD385B-15BA-43EE-A6BE-0B702B15B972}.Debug|x86.ActiveCfg = Debug|Win32
		{4FBD385B-15BA-43EE-A6BE-0B702B15B972}.Debug|x86.Build.0 = Debug|Win32
		{4FBD385B-15BA-43EE-A6BE-0B702B15B972}.Release|x64.ActiveCfg = Release|x64
		{4FBD385B-15BA-43EE-A6BE-0B702B15B972}.Release|x64.Build.0 = Release|x64
		{4FBD385B-15BA-43EE-A6BE-0B702B15B972}.Release|x86.ActiveCfg = Release|Win32
		{4FBD385B-15BA-43EE-A6BE-0B702B15B972}.Release|x86.Build.0 = Release|Win32
		{090160AB-4796-4E52-B829-A52C09CA9DF9}.Debug|x64.ActiveCfg = Debug|x64
		{090160AB-4796-4E52-B829-A52C09CA9DF9}.Debug|x64.Build.0 = Debug|x64
		{090160AB-4796-4E52-B829-A52C09CA9DF9}.Debug|x86.ActiveCfg = Debug|Win32
		{090160AB-4796-4E52-B829-A52C09CA9DF9}.Debug|x86.Build.0 = Debug|Win32
		{090160AB-4796-4E52-B829-A52C09CA9DF9}.Release|x64.ActiveCfg = Release|x64
		{090160AB-4796-4E52-B829-A52C09CA9DF9}.Release|x64.Build.0 = Release|x64
		{090160AB-4796-4E52-B829-A52C09CA9DF9}.Release|x86.ActiveCfg = Release|Win32
		{090160AB-4796-4E52-B829-A52C09CA9DF9}.Release|x86.Build.0 = Release|Win32
	EndGlobalSection
	GlobalSection(SolutionProperties) = preSolution
		HideSolutionNode = FALSE
	EndGlobalSection
EndGlobal
